<?xml version="1.0" encoding="utf-8"?>
<Project ToolsVersion="4.0" xmlns="http://schemas.microsoft.com/developer/msbuild/2003">
  <ItemGroup>
    <Filter Include="Source Files">
      <UniqueIdentifier>{4FC737F1-C7A5-4376-A066-2A32D752A2FF}</UniqueIdentifier>
      <Extensions>cpp;c;cc;cxx;c++;cppm;ixx;def;odl;idl;hpj;bat;asm;asmx</Extensions>
    </Filter>
    <Filter Include="Header Files">
      <UniqueIdentifier>{93995380-89BD-4b04-88EB-625FBE52EBFB}</UniqueIdentifier>
      <Extensions>h;hh;hpp;hxx;h++;hm;inl;inc;ipp;xsd</Extensions>
    </Filter>
    <Filter Include="Resource Files">
      <UniqueIdentifier>{67DA6AB6-F800-4c08-8B7A-83BB121AAD01}</UniqueIdentifier>
      <Extensions>rc;ico;cur;bmp;dlg;rc2;rct;bin;rgs;gif;jpg;jpeg;jpe;resx;tiff;tif;png;wav;mfcribbon-ms</Extensions>
    </Filter>
    <Filter Include="Header Files\general">
      <UniqueIdentifier>{efb62d8d-43d9-4e5f-a497-7a2750cd126a}</UniqueIdentifier>
    </Filter>
    <Filter Include="Source Files\general">
      <UniqueIdentifier>{e751aec4-bbba-430d-b8f6-aea2893032e5}</UniqueIdentifier>
    </Filter>
    <Filter Include="Source Files\Tic_tac_toe">
      <UniqueIdentifier>{e4646c59-4d66-462c-b8c6-405bc5cef23a}</UniqueIdentifier>
    </Filter>
    <Filter Include="Header Files\Tic_tac_toe">
      <UniqueIdentifier>{853b1f10-baa2-49da-91eb-428f35f44da3}</UniqueIdentifier>
    </Filter>
    <Filter Include="Header Files\GUI">
      <UniqueIdentifier>{22ee4110-4bf2-434c-9f6b-cd128939aa48}</UniqueIdentifier>
    </Filter>
    <Filter Include="Source Files\GUI">
      <UniqueIdentifier>{1730b3f1-c772-4d9d-b31c-43104c9c6b77}</UniqueIdentifier>
    </Filter>
    <Filter Include="Header Files\Screens">
      <UniqueIdentifier>{852b3cdd-0ad5-4353-a970-becf027ceb7e}</UniqueIdentifier>
    </Filter>
    <Filter Include="Source Files\Screens">
      <UniqueIdentifier>{6b875031-12a4-4542-8c86-84937095486b}</UniqueIdentifier>
    </Filter>
  </ItemGroup>
  <ItemGroup>
    <ClCompile Include="main.cpp">
      <Filter>Source Files</Filter>
    </ClCompile>
    <ClCompile Include="Window.cpp">
      <Filter>Source Files\general</Filter>
    </ClCompile>
    <ClCompile Include="game.cpp">
      <Filter>Source Files\Tic_tac_toe</Filter>
    </ClCompile>
    <ClCompile Include="AssetManager.cpp">
      <Filter>Source Files\general</Filter>
    </ClCompile>
    <ClCompile Include="GUIComponent.cpp">
      <Filter>Source Files\GUI</Filter>
    </ClCompile>
    <ClCompile Include="Button.cpp">
      <Filter>Source Files\GUI</Filter>
    </ClCompile>
    <ClCompile Include="GameScreen.cpp">
      <Filter>Source Files\Screens</Filter>
    </ClCompile>
    <ClCompile Include="StartScreen.cpp">
      <Filter>Source Files\Screens</Filter>
    </ClCompile>
    <ClCompile Include="EndScreen.cpp">
      <Filter>Source Files\Screens</Filter>
    </ClCompile>
    <ClCompile Include="GamePVP.cpp">
      <Filter>Source Files\Screens</Filter>
    </ClCompile>
    <ClCompile Include="StateManager.cpp">
      <Filter>Source Files\general</Filter>
    </ClCompile>
    <ClCompile Include="Board.cpp">
      <Filter>Source Files\Tic_tac_toe</Filter>
    </ClCompile>
    <ClCompile Include="SettingScreen.cpp">
      <Filter>Source Files\Screens</Filter>
    </ClCompile>
  </ItemGroup>
  <ItemGroup>
    <ClInclude Include="Window.h">
      <Filter>Header Files\general</Filter>
    </ClInclude>
    <ClInclude Include="Settings.h">
      <Filter>Header Files\general</Filter>
    </ClInclude>
    <ClInclude Include="AssetManager.h">
      <Filter>Header Files\general</Filter>
    </ClInclude>
    <ClInclude Include="game.h">
      <Filter>Header Files\Tic_tac_toe</Filter>
    </ClInclude>
    <ClInclude Include="GUIComponent.h">
      <Filter>Header Files\GUI</Filter>
    </ClInclude>
    <ClInclude Include="Button.h">
      <Filter>Header Files\GUI</Filter>
    </ClInclude>
    <ClInclude Include="GameScreen.h">
      <Filter>Header Files\Screens</Filter>
    </ClInclude>
    <ClInclude Include="StartScreen.h">
      <Filter>Header Files\Screens</Filter>
    </ClInclude>
    <ClInclude Include="StateManager.h">
      <Filter>Header Files\general</Filter>
    </ClInclude>
    <ClInclude Include="GamePVP.h">
      <Filter>Header Files\Screens</Filter>
    </ClInclude>
    <ClInclude Include="EndScreen.h">
      <Filter>Header Files\Screens</Filter>
    </ClInclude>
    <ClInclude Include="Board.h">
      <Filter>Header Files\Tic_tac_toe</Filter>
    </ClInclude>
    <ClInclude Include="SettingScreen.h">
      <Filter>Header Files\Screens</Filter>
    </ClInclude>
  </ItemGroup>
</Project>